
Microsoft Visual Studio Solution File, Format Version 12.00
# Visual Studio Version 16
VisualStudioVersion = 16.0.30002.166
MinimumVisualStudioVersion = 10.0.40219.1
Project("{FAE04EC0-301F-11D3-BF4B-00C04F79EFBC}") = "Snake", "Snake\Snake.csproj", "{F6DB7FAF-71EA-4E54-B475-3C2627B18B15}"
EndProject
Global
	GlobalSection(SolutionConfigurationPlatforms) = preSolution
		Debug|Any CPU = Debug|Any CPU
		Release|Any CPU = Release|Any CPU
	EndGlobalSection
	GlobalSection(ProjectConfigurationPlatforms) = postSolution
		{F6DB7FAF-71EA-4E54-B475-3C2627B18B15}.Debug|Any CPU.ActiveCfg = Debug|Any CPU
		{F6DB7FAF-71EA-4E54-B475-3C2627B18B15}.Debug|Any CPU.Build.0 = Debug|Any CPU
		{F6DB7FAF-71EA-4E54-B475-3C2627B18B15}.Release|Any CPU.ActiveCfg = Release|Any CPU
		{F6DB7FAF-71EA-4E54-B475-3C2627B18B15}.Release|Any CPU.Build.0 = Release|Any CPU
	EndGlobalSection
	GlobalSection(SolutionProperties) = preSolution
		HideSolutionNode = FALSE
	EndGlobalSection
	GlobalSection(ExtensibilityGlobals) = postSolution
		SolutionGuid = {5ACAE710-D261-4E26-A02E-3545507A1D6E}
	EndGlobalSection
EndGlobal
